<?xml version="1.0" encoding="utf-8"?>
<Project ToolsVersion="4.0" xmlns="http://schemas.microsoft.com/developer/msbuild/2003">
  <ItemGroup>
    <ClCompile Include="j1Scene.cpp">
      <Filter>Modules\Scenes</Filter>
    </ClCompile>
    <ClCompile Include="PugiXml\src\pugixml.cpp">
      <Filter>Modules\Tools\PuguiXML</Filter>
    </ClCompile>
    <ClCompile Include="j1Collision.cpp">
      <Filter>Modules\Gameplay</Filter>
    </ClCompile>
    <ClCompile Include="Level_1.cpp">
      <Filter>Modules\Scenes</Filter>
    </ClCompile>
    <ClCompile Include="j1PerfTimer.cpp">
      <Filter>Modules\Tools</Filter>
    </ClCompile>
    <ClCompile Include="j1Timer.cpp">
      <Filter>Modules\Tools</Filter>
    </ClCompile>
    <ClCompile Include="j1Window.cpp">
      <Filter>Modules\Core</Filter>
    </ClCompile>
    <ClCompile Include="j1Textures.cpp">
      <Filter>Modules\Core</Filter>
    </ClCompile>
    <ClCompile Include="j1Render.cpp">
      <Filter>Modules\Core</Filter>
    </ClCompile>
    <ClCompile Include="j1Map.cpp">
      <Filter>Modules\Core</Filter>
    </ClCompile>
    <ClCompile Include="j1Input.cpp">
      <Filter>Modules\Core</Filter>
    </ClCompile>
    <ClCompile Include="j1Audio.cpp">
      <Filter>Modules\Core</Filter>
    </ClCompile>
    <ClCompile Include="j1App.cpp">
      <Filter>Modules\Core</Filter>
    </ClCompile>
    <ClCompile Include="j1Main.cpp">
      <Filter>Modules\Core</Filter>
    </ClCompile>
    <ClCompile Include="j1FadeToBlack.cpp">
      <Filter>Modules\Tools</Filter>
    </ClCompile>
    <ClCompile Include="j1Pathfinding.cpp">
      <Filter>Modules\Gameplay</Filter>
    </ClCompile>
    <ClCompile Include="p2Log.cpp">
      <Filter>Modules\Tools</Filter>
    </ClCompile>
    <ClCompile Include="j1Player.cpp">
      <Filter>Modules\Entities</Filter>
    </ClCompile>
    <ClCompile Include="Entity.cpp">
      <Filter>Modules\Entities</Filter>
    </ClCompile>
    <ClCompile Include="EntityManager.cpp">
      <Filter>Modules\Entities</Filter>
    </ClCompile>
    <ClCompile Include="Enemy.cpp">
      <Filter>Modules\Entities\Enemies</Filter>
    </ClCompile>
    <ClCompile Include="Enemy_Skeleton.cpp">
      <Filter>Modules\Entities\Enemies</Filter>
    </ClCompile>
    <ClCompile Include="Enemy_Bat.cpp">
      <Filter>Modules\Entities\Enemies</Filter>
    </ClCompile>
    <ClCompile Include="MainMenu.cpp">
      <Filter>Modules\Scenes</Filter>
    </ClCompile>
    <ClCompile Include="Button_Input.cpp">
      <Filter>Modules\GUI</Filter>
    </ClCompile>
    <ClCompile Include="Image.cpp">
      <Filter>Modules\GUI</Filter>
    </ClCompile>
    <ClCompile Include="j1Fonts.cpp">
      <Filter>Modules\GUI</Filter>
    </ClCompile>
    <ClCompile Include="j1Gui.cpp">
      <Filter>Modules\GUI</Filter>
    </ClCompile>
    <ClCompile Include="Label.cpp">
      <Filter>Modules\GUI</Filter>
    </ClCompile>
    <ClCompile Include="Object.cpp">
      <Filter>Modules\GUI</Filter>
    </ClCompile>
    <ClCompile Include="SceneManager.cpp">
      <Filter>Modules\Scenes</Filter>
    </ClCompile>
    <ClCompile Include="Coin.cpp">
      <Filter>Modules\Entities</Filter>
    </ClCompile>
  </ItemGroup>
  <ItemGroup>
    <ClInclude Include="j1Scene.h">
      <Filter>Modules\Scenes</Filter>
    </ClInclude>
    <ClInclude Include="PugiXml\src\pugiconfig.hpp">
      <Filter>Modules\Tools\PuguiXML</Filter>
    </ClInclude>
    <ClInclude Include="PugiXml\src\pugixml.hpp">
      <Filter>Modules\Tools\PuguiXML</Filter>
    </ClInclude>
    <ClInclude Include="j1Collision.h">
      <Filter>Modules\Gameplay</Filter>
    </ClInclude>
    <ClInclude Include="Animation.h">
      <Filter>Modules\Tools</Filter>
    </ClInclude>
    <ClInclude Include="Level_1.h">
      <Filter>Modules\Scenes</Filter>
    </ClInclude>
    <ClInclude Include="j1PerfTimer.h">
      <Filter>Modules\Tools</Filter>
    </ClInclude>
    <ClInclude Include="j1Timer.h">
      <Filter>Modules\Tools</Filter>
    </ClInclude>
    <ClInclude Include="j1Window.h">
      <Filter>Modules\Core</Filter>
    </ClInclude>
    <ClInclude Include="j1Textures.h">
      <Filter>Modules\Core</Filter>
    </ClInclude>
    <ClInclude Include="j1Render.h">
      <Filter>Modules\Core</Filter>
    </ClInclude>
    <ClInclude Include="j1Map.h">
      <Filter>Modules\Core</Filter>
    </ClInclude>
    <ClInclude Include="j1Input.h">
      <Filter>Modules\Core</Filter>
    </ClInclude>
    <ClInclude Include="j1Audio.h">
      <Filter>Modules\Core</Filter>
    </ClInclude>
    <ClInclude Include="j1App.h">
      <Filter>Modules\Core</Filter>
    </ClInclude>
    <ClInclude Include="j1Module.h">
      <Filter>Modules\Core</Filter>
    </ClInclude>
    <ClInclude Include="j1FadeToBlack.h">
      <Filter>Modules\Tools</Filter>
    </ClInclude>
    <ClInclude Include="j1PathFinding.h">
      <Filter>Modules\Gameplay</Filter>
    </ClInclude>
    <ClInclude Include="p2SString.h">
      <Filter>Modules\Tools</Filter>
    </ClInclude>
    <ClInclude Include="p2Defs.h">
      <Filter>Modules\Tools</Filter>
    </ClInclude>
    <ClInclude Include="p2DynArray.h">
      <Filter>Modules\Tools</Filter>
    </ClInclude>
    <ClInclude Include="p2List.h">
      <Filter>Modules\Tools</Filter>
    </ClInclude>
    <ClInclude Include="p2Log.h">
      <Filter>Modules\Tools</Filter>
    </ClInclude>
    <ClInclude Include="p2Point.h">
      <Filter>Modules\Tools</Filter>
    </ClInclude>
    <ClInclude Include="j1Player.h">
      <Filter>Modules\Entities</Filter>
    </ClInclude>
    <ClInclude Include="Entity.h">
      <Filter>Modules\Entities</Filter>
    </ClInclude>
    <ClInclude Include="EntityManager.h">
      <Filter>Modules\Entities</Filter>
    </ClInclude>
    <ClInclude Include="Enemy.h">
      <Filter>Modules\Entities\Enemies</Filter>
    </ClInclude>
    <ClInclude Include="Enemy_Bat.h">
      <Filter>Modules\Entities\Enemies</Filter>
    </ClInclude>
    <ClInclude Include="Enemy_Skeleton.h">
      <Filter>Modules\Entities\Enemies</Filter>
    </ClInclude>
    <ClInclude Include="MainMenu.h">
      <Filter>Modules\Scenes</Filter>
    </ClInclude>
    <ClInclude Include="Button_Input.h">
      <Filter>Modules\GUI</Filter>
    </ClInclude>
    <ClInclude Include="Image.h">
      <Filter>Modules\GUI</Filter>
    </ClInclude>
    <ClInclude Include="j1Fonts.h">
      <Filter>Modules\GUI</Filter>
    </ClInclude>
    <ClInclude Include="j1Gui.h">
      <Filter>Modules\GUI</Filter>
    </ClInclude>
    <ClInclude Include="Label.h">
      <Filter>Modules\GUI</Filter>
    </ClInclude>
    <ClInclude Include="Object.h">
      <Filter>Modules\GUI</Filter>
    </ClInclude>
    <ClInclude Include="SceneManager.h">
      <Filter>Modules\Scenes</Filter>
    </ClInclude>
    <ClInclude Include="Coin.h">
      <Filter>Modules\Entities</Filter>
    </ClInclude>
  </ItemGroup>
  <ItemGroup>
    <Filter Include="Modules">
      <UniqueIdentifier>{244722d1-90ce-423d-8e7a-556211865a32}</UniqueIdentifier>
    </Filter>
    <Filter Include="Modules\Gameplay">
      <UniqueIdentifier>{9baf0703-d141-4138-9e15-6cf5a6f4ddf4}</UniqueIdentifier>
    </Filter>
    <Filter Include="Modules\Tools">
      <UniqueIdentifier>{42c748be-4a37-49de-970f-5be811d06b38}</UniqueIdentifier>
    </Filter>
    <Filter Include="Modules\Tools\PuguiXML">
      <UniqueIdentifier>{7cb78d67-17cc-45eb-af97-e2106becce7b}</UniqueIdentifier>
    </Filter>
    <Filter Include="Modules\Scenes">
      <UniqueIdentifier>{e07660eb-d36f-4cc9-af59-324d31c2f2f6}</UniqueIdentifier>
    </Filter>
    <Filter Include="Modules\Entities">
      <UniqueIdentifier>{2e28b71a-16f7-45ef-a7fe-9b770c8a3c38}</UniqueIdentifier>
    </Filter>
    <Filter Include="Modules\Entities\Enemies">
      <UniqueIdentifier>{cc56073d-3dc1-4015-942f-6847c1e02bae}</UniqueIdentifier>
    </Filter>
    <Filter Include="Modules\XML_Documents">
      <UniqueIdentifier>{9701d9ff-198b-435a-b708-f51a541ddb01}</UniqueIdentifier>
    </Filter>
    <Filter Include="Modules\XML_Documents\Maps">
      <UniqueIdentifier>{deba1d7a-ccda-4b4f-8b41-c075be1bc9db}</UniqueIdentifier>
    </Filter>
    <Filter Include="Modules\XML_Documents\Animations">
      <UniqueIdentifier>{aab35abc-d5f9-4dc1-9155-a140e95e0fba}</UniqueIdentifier>
    </Filter>
    <Filter Include="Modules\Core">
      <UniqueIdentifier>{b8706406-cc0c-4f4c-9bdb-3a5c1e59a1b9}</UniqueIdentifier>
    </Filter>
    <Filter Include="Modules\GUI">
      <UniqueIdentifier>{54e101e2-2bea-474e-a2a0-4b81fc33ae51}</UniqueIdentifier>
    </Filter>
  </ItemGroup>
  <ItemGroup>
    <None Include="..\Game\maps\Level1_1.tmx">
      <Filter>Modules\XML_Documents\Maps</Filter>
    </None>
    <None Include="..\Game\maps\Level1_2.tmx">
      <Filter>Modules\XML_Documents\Maps</Filter>
    </None>
  </ItemGroup>
  <ItemGroup>
    <Xml Include="..\Game\animations\player_animation.xml">
      <Filter>Modules\XML_Documents\Animations</Filter>
    </Xml>
    <Xml Include="..\Game\animations\player_attack_animation.xml">
      <Filter>Modules\XML_Documents\Animations</Filter>
    </Xml>
    <Xml Include="..\Game\animations\player_death_animation.xml">
      <Filter>Modules\XML_Documents\Animations</Filter>
    </Xml>
    <Xml Include="..\Game\animations\skeleton_animation.xml">
      <Filter>Modules\XML_Documents\Animations</Filter>
    </Xml>
    <Xml Include="..\Game\animations\enemy_bat_animation.xml">
      <Filter>Modules\XML_Documents\Animations</Filter>
    </Xml>
    <Xml Include="..\Game\data\config.xml">
      <Filter>Modules\XML_Documents</Filter>
    </Xml>
    <Xml Include="..\Game\data\entities.xml">
      <Filter>Modules\XML_Documents</Filter>
    </Xml>
    <Xml Include="..\Game\data\save_game.xml">
      <Filter>Modules\XML_Documents</Filter>
    </Xml>
    <Xml Include="..\Game\data\scenes.xml">
      <Filter>Modules\XML_Documents</Filter>
    </Xml>
  </ItemGroup>
</Project>